// !$*UTF8*$!
{
	archiveVersion = 1;
	classes = {
	};
	objectVersion = 48;
	objects = {

/* Begin PBXBuildFile section */
		B27918DF1FA21F8D00AB25B0 /* AppDelegate.swift in Sources */ = {isa = PBXBuildFile; fileRef = B27918DE1FA21F8D00AB25B0 /* AppDelegate.swift */; };
		B27918E11FA21F8D00AB25B0 /* ViewController.swift in Sources */ = {isa = PBXBuildFile; fileRef = B27918E01FA21F8D00AB25B0 /* ViewController.swift */; };
		B27918E41FA21F8D00AB25B0 /* Main.storyboard in Resources */ = {isa = PBXBuildFile; fileRef = B27918E21FA21F8D00AB25B0 /* Main.storyboard */; };
		B27918E61FA21F8D00AB25B0 /* Assets.xcassets in Resources */ = {isa = PBXBuildFile; fileRef = B27918E51FA21F8D00AB25B0 /* Assets.xcassets */; };
		B27918E91FA21F8D00AB25B0 /* LaunchScreen.storyboard in Resources */ = {isa = PBXBuildFile; fileRef = B27918E71FA21F8D00AB25B0 /* LaunchScreen.storyboard */; };
		B27918F71FA2249400AB25B0 /* CreativityController.swift in Sources */ = {isa = PBXBuildFile; fileRef = B27918F61FA2249400AB25B0 /* CreativityController.swift */; };
		B27918F91FA224AD00AB25B0 /* AbstractionController.swift in Sources */ = {isa = PBXBuildFile; fileRef = B27918F81FA224AD00AB25B0 /* AbstractionController.swift */; };
		B27918FB1FA224D000AB25B0 /* Data and Information Controller.swift in Sources */ = {isa = PBXBuildFile; fileRef = B27918FA1FA224D000AB25B0 /* Data and Information Controller.swift */; };
		B27918FD1FA224E200AB25B0 /* AlgroithmsController.swift in Sources */ = {isa = PBXBuildFile; fileRef = B27918FC1FA224E200AB25B0 /* AlgroithmsController.swift */; };
		B27918FF1FA224F700AB25B0 /* ProgrammingController.swift in Sources */ = {isa = PBXBuildFile; fileRef = B27918FE1FA224F700AB25B0 /* ProgrammingController.swift */; };
		B27919011FA2250900AB25B0 /* TheInternetController.swift in Sources */ = {isa = PBXBuildFile; fileRef = B27919001FA2250900AB25B0 /* TheInternetController.swift */; };
		B27919031FA2251900AB25B0 /* GlobalmpactController.swift in Sources */ = {isa = PBXBuildFile; fileRef = B27919021FA2251900AB25B0 /* GlobalmpactController.swift */; };
/* End PBXBuildFile section */

/* Begin PBXFileReference section */
		B27918DB1FA21F8D00AB25B0 /* SheradonSegota_CSPAPP.app */ = {isa = PBXFileReference; explicitFileType = wrapper.application; includeInIndex = 0; path = SheradonSegota_CSPAPP.app; sourceTree = BUILT_PRODUCTS_DIR; };
		B27918DE1FA21F8D00AB25B0 /* AppDelegate.swift */ = {isa = PBXFileReference; lastKnownFileType = sourcecode.swift; path = AppDelegate.swift; sourceTree = "<group>"; };
		B27918E01FA21F8D00AB25B0 /* ViewController.swift */ = {isa = PBXFileReference; lastKnownFileType = sourcecode.swift; path = ViewController.swift; sourceTree = "<group>"; };
		B27918E31FA21F8D00AB25B0 /* Base */ = {isa = PBXFileReference; lastKnownFileType = file.storyboard; name = Base; path = Base.lproj/Main.storyboard; sourceTree = "<group>"; };
		B27918E51FA21F8D00AB25B0 /* Assets.xcassets */ = {isa = PBXFileReference; lastKnownFileType = folder.assetcatalog; path = Assets.xcassets; sourceTree = "<group>"; };
		B27918E81FA21F8D00AB25B0 /* Base */ = {isa = PBXFileReference; lastKnownFileType = file.storyboard; name = Base; path = Base.lproj/LaunchScreen.storyboard; sourceTree = "<group>"; };
		B27918EA1FA21F8D00AB25B0 /* Info.plist */ = {isa = PBXFileReference; lastKnownFileType = text.plist.xml; path = Info.plist; sourceTree = "<group>"; };
		B27918F61FA2249400AB25B0 /* CreativityController.swift */ = {isa = PBXFileReference; lastKnownFileType = sourcecode.swift; path = CreativityController.swift; sourceTree = "<group>"; };
		B27918F81FA224AD00AB25B0 /* AbstractionController.swift */ = {isa = PBXFileReference; lastKnownFileType = sourcecode.swift; path = AbstractionController.swift; sourceTree = "<group>"; };
		B27918FA1FA224D000AB25B0 /* Data and Information Controller.swift */ = {isa = PBXFileReference; lastKnownFileType = sourcecode.swift; path = "Data and Information Controller.swift"; sourceTree = "<group>"; };
		B27918FC1FA224E200AB25B0 /* AlgroithmsController.swift */ = {isa = PBXFileReference; lastKnownFileType = sourcecode.swift; path = AlgroithmsController.swift; sourceTree = "<group>"; };
		B27918FE1FA224F700AB25B0 /* ProgrammingController.swift */ = {isa = PBXFileReference; lastKnownFileType = sourcecode.swift; path = ProgrammingController.swift; sourceTree = "<group>"; };
		B27919001FA2250900AB25B0 /* TheInternetController.swift */ = {isa = PBXFileReference; lastKnownFileType = sourcecode.swift; path = TheInternetController.swift; sourceTree = "<group>"; };
		B27919021FA2251900AB25B0 /* GlobalmpactController.swift */ = {isa = PBXFileReference; lastKnownFileType = sourcecode.swift; path = GlobalmpactController.swift; sourceTree = "<group>"; };
/* End PBXFileReference section */

/* Begin PBXFrameworksBuildPhase section */
		B27918D81FA21F8D00AB25B0 /* Frameworks */ = {
			isa = PBXFrameworksBuildPhase;
			buildActionMask = 2147483647;
			files = (
			);
			runOnlyForDeploymentPostprocessing = 0;
		};
/* End PBXFrameworksBuildPhase section */

/* Begin PBXGroup section */
		B27918D21FA21F8D00AB25B0 = {
			isa = PBXGroup;
			children = (
				B27918DD1FA21F8D00AB25B0 /* SheradonSegota_CSPAPP */,
				B27918DC1FA21F8D00AB25B0 /* Products */,
			);
			sourceTree = "<group>";
		};
		B27918DC1FA21F8D00AB25B0 /* Products */ = {
			isa = PBXGroup;
			children = (
				B27918DB1FA21F8D00AB25B0 /* SheradonSegota_CSPAPP.app */,
			);
			name = Products;
			sourceTree = "<group>";
		};
		B27918DD1FA21F8D00AB25B0 /* SheradonSegota_CSPAPP */ = {
			isa = PBXGroup;
			children = (
				B27918F11FA21FAD00AB25B0 /* Controller */,
				B27918F21FA21FCA00AB25B0 /* View */,
				B27918F31FA21FE000AB25B0 /* Resources */,
			);
			path = SheradonSegota_CSPAPP;
			sourceTree = "<group>";
		};
		B27918F11FA21FAD00AB25B0 /* Controller */ = {
			isa = PBXGroup;
			children = (
				B27918E01FA21F8D00AB25B0 /* ViewController.swift */,
				B27918F61FA2249400AB25B0 /* CreativityController.swift */,
				B27918F81FA224AD00AB25B0 /* AbstractionController.swift */,
				B27918FA1FA224D000AB25B0 /* Data and Information Controller.swift */,
				B27918FC1FA224E200AB25B0 /* AlgroithmsController.swift */,
				B27918FE1FA224F700AB25B0 /* ProgrammingController.swift */,
				B27919001FA2250900AB25B0 /* TheInternetController.swift */,
				B27919021FA2251900AB25B0 /* GlobalmpactController.swift */,
				B27918DE1FA21F8D00AB25B0 /* AppDelegate.swift */,
				B27918F51FA220CD00AB25B0 /* Model */,
			);
			path = Controller;
			sourceTree = "<group>";
		};
		B27918F21FA21FCA00AB25B0 /* View */ = {
			isa = PBXGroup;
			children = (
				B27918E21FA21F8D00AB25B0 /* Main.storyboard */,
				B27918E71FA21F8D00AB25B0 /* LaunchScreen.storyboard */,
			);
			path = View;
			sourceTree = "<group>";
		};
		B27918F31FA21FE000AB25B0 /* Resources */ = {
			isa = PBXGroup;
			children = (
				B27918E51FA21F8D00AB25B0 /* Assets.xcassets */,
				B27918EA1FA21F8D00AB25B0 /* Info.plist */,
			);
			path = Resources;
			sourceTree = "<group>";
		};
		B27918F51FA220CD00AB25B0 /* Model */ = {
			isa = PBXGroup;
			children = (
			);
			path = Model;
			sourceTree = "<group>";
		};
/* End PBXGroup section */

/* Begin PBXNativeTarget section */
		B27918DA1FA21F8D00AB25B0 /* SheradonSegota_CSPAPP */ = {
			isa = PBXNativeTarget;
			buildConfigurationList = B27918ED1FA21F8D00AB25B0 /* Build configuration list for PBXNativeTarget "SheradonSegota_CSPAPP" */;
			buildPhases = (
				B27918D71FA21F8D00AB25B0 /* Sources */,
				B27918D81FA21F8D00AB25B0 /* Frameworks */,
				B27918D91FA21F8D00AB25B0 /* Resources */,
			);
			buildRules = (
			);
			dependencies = (
			);
			name = SheradonSegota_CSPAPP;
			productName = SheradonSegota_CSPAPP;
			productReference = B27918DB1FA21F8D00AB25B0 /* SheradonSegota_CSPAPP.app */;
			productType = "com.apple.product-type.application";
		};
/* End PBXNativeTarget section */

/* Begin PBXProject section */
		B27918D31FA21F8D00AB25B0 /* Project object */ = {
			isa = PBXProject;
			attributes = {
				LastSwiftUpdateCheck = 0900;
				LastUpgradeCheck = 0900;
				ORGANIZATIONNAME = "Segota, Sheradon";
				TargetAttributes = {
					B27918DA1FA21F8D00AB25B0 = {
						CreatedOnToolsVersion = 9.0;
						ProvisioningStyle = Automatic;
					};
				};
			};
			buildConfigurationList = B27918D61FA21F8D00AB25B0 /* Build configuration list for PBXProject "SheradonSegota_CSPAPP" */;
			compatibilityVersion = "Xcode 8.0";
			developmentRegion = en;
			hasScannedForEncodings = 0;
			knownRegions = (
				en,
				Base,
			);
			mainGroup = B27918D21FA21F8D00AB25B0;
			productRefGroup = B27918DC1FA21F8D00AB25B0 /* Products */;
			projectDirPath = "";
			projectRoot = "";
			targets = (
				B27918DA1FA21F8D00AB25B0 /* SheradonSegota_CSPAPP */,
			);
		};
/* End PBXProject section */

/* Begin PBXResourcesBuildPhase section */
		B27918D91FA21F8D00AB25B0 /* Resources */ = {
			isa = PBXResourcesBuildPhase;
			buildActionMask = 2147483647;
			files = (
				B27918E91FA21F8D00AB25B0 /* LaunchScreen.storyboard in Resources */,
				B27918E61FA21F8D00AB25B0 /* Assets.xcassets in Resources */,
				B27918E41FA21F8D00AB25B0 /* Main.storyboard in Resources */,
			);
			runOnlyForDeploymentPostprocessing = 0;
		};
/* End PBXResourcesBuildPhase section */

/* Begin PBXSourcesBuildPhase section */
		B27918D71FA21F8D00AB25B0 /* Sources */ = {
			isa = PBXSourcesBuildPhase;
			buildActionMask = 2147483647;
			files = (
				B27918F91FA224AD00AB25B0 /* AbstractionController.swift in Sources */,
				B27919031FA2251900AB25B0 /* GlobalmpactController.swift in Sources */,
				B27918FF1FA224F700AB25B0 /* ProgrammingController.swift in Sources */,
				B27918FD1FA224E200AB25B0 /* AlgroithmsController.swift in Sources */,
				B27918F71FA2249400AB25B0 /* CreativityController.swift in Sources */,
				B27919011FA2250900AB25B0 /* TheInternetController.swift in Sources */,
				B27918FB1FA224D000AB25B0 /* Data and Information Controller.swift in Sources */,
				B27918E11FA21F8D00AB25B0 /* ViewController.swift in Sources */,
				B27918DF1FA21F8D00AB25B0 /* AppDelegate.swift in Sources */,
			);
			runOnlyForDeploymentPostprocessing = 0;
		};
/* End PBXSourcesBuildPhase section */

/* Begin PBXVariantGroup section */
		B27918E21FA21F8D00AB25B0 /* Main.storyboard */ = {
			isa = PBXVariantGroup;
			children = (
				B27918E31FA21F8D00AB25B0 /* Base */,
			);
			name = Main.storyboard;
			sourceTree = "<group>";
		};
		B27918E71FA21F8D00AB25B0 /* LaunchScreen.storyboard */ = {
			isa = PBXVariantGroup;
			children = (
				B27918E81FA21F8D00AB25B0 /* Base */,
			);
			name = LaunchScreen.storyboard;
			sourceTree = "<group>";
		};
/* End PBXVariantGroup section */

/* Begin XCBuildConfiguration section */
		B27918EB1FA21F8D00AB25B0 /* Debug */ = {
			isa = XCBuildConfiguration;
			buildSettings = {
				ALWAYS_SEARCH_USER_PATHS = NO;
				CLANG_ANALYZER_NONNULL = YES;
				CLANG_ANALYZER_NUMBER_OBJECT_CONVERSION = YES_AGGRESSIVE;
				CLANG_CXX_LANGUAGE_STANDARD = "gnu++14";
				CLANG_CXX_LIBRARY = "libc++";
				CLANG_ENABLE_MODULES = YES;
				CLANG_ENABLE_OBJC_ARC = YES;
				CLANG_WARN_BLOCK_CAPTURE_AUTORELEASING = YES;
				CLANG_WARN_BOOL_CONVERSION = YES;
				CLANG_WARN_COMMA = YES;
				CLANG_WARN_CONSTANT_CONVERSION = YES;
				CLANG_WARN_DIRECT_OBJC_ISA_USAGE = YES_ERROR;
				CLANG_WARN_DOCUMENTATION_COMMENTS = YES;
				CLANG_WARN_EMPTY_BODY = YES;
				CLANG_WARN_ENUM_CONVERSION = YES;
				CLANG_WARN_INFINITE_RECURSION = YES;
				CLANG_WARN_INT_CONVERSION = YES;
				CLANG_WARN_NON_LITERAL_NULL_CONVERSION = YES;
				CLANG_WARN_OBJC_LITERAL_CONVERSION = YES;
				CLANG_WARN_OBJC_ROOT_CLASS = YES_ERROR;
				CLANG_WARN_RANGE_LOOP_ANALYSIS = YES;
				CLANG_WARN_STRICT_PROTOTYPES = YES;
				CLANG_WARN_SUSPICIOUS_MOVE = YES;
				CLANG_WARN_UNGUARDED_AVAILABILITY = YES_AGGRESSIVE;
				CLANG_WARN_UNREACHABLE_CODE = YES;
				CLANG_WARN__DUPLICATE_METHOD_MATCH = YES;
				CODE_SIGN_IDENTITY = "iPhone Developer";
				COPY_PHASE_STRIP = NO;
				DEBUG_INFORMATION_FORMAT = dwarf;
				ENABLE_STRICT_OBJC_MSGSEND = YES;
				ENABLE_TESTABILITY = YES;
				GCC_C_LANGUAGE_STANDARD = gnu11;
				GCC_DYNAMIC_NO_PIC = NO;
				GCC_NO_COMMON_BLOCKS = YES;
				GCC_OPTIMIZATION_LEVEL = 0;
				GCC_PREPROCESSOR_DEFINITIONS = (
					"DEBUG=1",
					"$(inherited)",
				);
				GCC_WARN_64_TO_32_BIT_CONVERSION = YES;
				GCC_WARN_ABOUT_RETURN_TYPE = YES_ERROR;
				GCC_WARN_UNDECLARED_SELECTOR = YES;
				GCC_WARN_UNINITIALIZED_AUTOS = YES_AGGRESSIVE;
				GCC_WARN_UNUSED_FUNCTION = YES;
				GCC_WARN_UNUSED_VARIABLE = YES;
				IPHONEOS_DEPLOYMENT_TARGET = 11.0;
				MTL_ENABLE_DEBUG_INFO = YES;
				ONLY_ACTIVE_ARCH = YES;
				SDKROOT = iphoneos;
				SWIFT_ACTIVE_COMPILATION_CONDITIONS = DEBUG;
				SWIFT_OPTIMIZATION_LEVEL = "-Onone";
			};
			name = Debug;
		};
		B27918EC1FA21F8D00AB25B0 /* Release */ = {
			isa = XCBuildConfiguration;
			buildSettings = {
				ALWAYS_SEARCH_USER_PATHS = NO;
				CLANG_ANALYZER_NONNULL = YES;
				CLANG_ANALYZER_NUMBER_OBJECT_CONVERSION = YES_AGGRESSIVE;
				CLANG_CXX_LANGUAGE_STANDARD = "gnu++14";
				CLANG_CXX_LIBRARY = "libc++";
				CLANG_ENABLE_MODULES = YES;
				CLANG_ENABLE_OBJC_ARC = YES;
				CLANG_WARN_BLOCK_CAPTURE_AUTORELEASING = YES;
				CLANG_WARN_BOOL_CONVERSION = YES;
				CLANG_WARN_COMMA = YES;
				CLANG_WARN_CONSTANT_CONVERSION = YES;
				CLANG_WARN_DIRECT_OBJC_ISA_USAGE = YES_ERROR;
				CLANG_WARN_DOCUMENTATION_COMMENTS = YES;
				CLANG_WARN_EMPTY_BODY = YES;
				CLANG_WARN_ENUM_CONVERSION = YES;
				CLANG_WARN_INFINITE_RECURSION = YES;
				CLANG_WARN_INT_CONVERSION = YES;
				CLANG_WARN_NON_LITERAL_NULL_CONVERSION = YES;
				CLANG_WARN_OBJC_LITERAL_CONVERSION = YES;
				CLANG_WARN_OBJC_ROOT_CLASS = YES_ERROR;
				CLANG_WARN_RANGE_LOOP_ANALYSIS = YES;
				CLANG_WARN_STRICT_PROTOTYPES = YES;
				CLANG_WARN_SUSPICIOUS_MOVE = YES;
				CLANG_WARN_UNGUARDED_AVAILABILITY = YES_AGGRESSIVE;
				CLANG_WARN_UNREACHABLE_CODE = YES;
				CLANG_WARN__DUPLICATE_METHOD_MATCH = YES;
				CODE_SIGN_IDENTITY = "iPhone Developer";
				COPY_PHASE_STRIP = NO;
				DEBUG_INFORMATION_FORMAT = "dwarf-with-dsym";
				ENABLE_NS_ASSERTIONS = NO;
				ENABLE_STRICT_OBJC_MSGSEND = YES;
				GCC_C_LANGUAGE_STANDARD = gnu11;
				GCC_NO_COMMON_BLOCKS = YES;
				GCC_WARN_64_TO_32_BIT_CONVERSION = YES;
				GCC_WARN_ABOUT_RETURN_TYPE = YES_ERROR;
				GCC_WARN_UNDECLARED_SELECTOR = YES;
				GCC_WARN_UNINITIALIZED_AUTOS = YES_AGGRESSIVE;
				GCC_WARN_UNUSED_FUNCTION = YES;
				GCC_WARN_UNUSED_VARIABLE = YES;
				IPHONEOS_DEPLOYMENT_TARGET = 11.0;
				MTL_ENABLE_DEBUG_INFO = NO;
				SDKROOT = iphoneos;
				SWIFT_OPTIMIZATION_LEVEL = "-Owholemodule";
				VALIDATE_PRODUCT = YES;
			};
			name = Release;
		};
		B27918EE1FA21F8D00AB25B0 /* Debug */ = {
			isa = XCBuildConfiguration;
			buildSettings = {
				ASSETCATALOG_COMPILER_APPICON_NAME = AppIcon;
				CODE_SIGN_STYLE = Automatic;
				INFOPLIST_FILE = SheradonSegota_CSPAPP/Info.plist;
				LD_RUNPATH_SEARCH_PATHS = "$(inherited) @executable_path/Frameworks";
				PRODUCT_BUNDLE_IDENTIFIER = "CTEC.SheradonSegota-CSPAPP";
				PRODUCT_NAME = "$(TARGET_NAME)";
				SWIFT_VERSION = 4.0;
				TARGETED_DEVICE_FAMILY = "1,2";
			};
			name = Debug;
		};
		B27918EF1FA21F8D00AB25B0 /* Release */ = {
			isa = XCBuildConfiguration;
			buildSettings = {
				ASSETCATALOG_COMPILER_APPICON_NAME = AppIcon;
				CODE_SIGN_STYLE = Automatic;
				INFOPLIST_FILE = SheradonSegota_CSPAPP/Info.plist;
				LD_RUNPATH_SEARCH_PATHS = "$(inherited) @executable_path/Frameworks";
				PRODUCT_BUNDLE_IDENTIFIER = "CTEC.SheradonSegota-CSPAPP";
				PRODUCT_NAME = "$(TARGET_NAME)";
				SWIFT_VERSION = 4.0;
				TARGETED_DEVICE_FAMILY = "1,2";
			};
			name = Release;
		};
/* End XCBuildConfiguration section */

/* Begin XCConfigurationList section */
		B27918D61FA21F8D00AB25B0 /* Build configuration list for PBXProject "SheradonSegota_CSPAPP" */ = {
			isa = XCConfigurationList;
			buildConfigurations = (
				B27918EB1FA21F8D00AB25B0 /* Debug */,
				B27918EC1FA21F8D00AB25B0 /* Release */,
			);
			defaultConfigurationIsVisible = 0;
			defaultConfigurationName = Release;
		};
		B27918ED1FA21F8D00AB25B0 /* Build configuration list for PBXNativeTarget "SheradonSegota_CSPAPP" */ = {
			isa = XCConfigurationList;
			buildConfigurations = (
				B27918EE1FA21F8D00AB25B0 /* Debug */,
				B27918EF1FA21F8D00AB25B0 /* Release */,
			);
			defaultConfigurationIsVisible = 0;
			defaultConfigurationName = Release;
		};
/* End XCConfigurationList section */
	};
	rootObject = B27918D31FA21F8D00AB25B0 /* Project object */;
}
